
Microsoft Visual Studio Solution File, Format Version 12.00
# Visual Studio 2012
Project("{FAE04EC0-301F-11D3-BF4B-00C04F79EFBC}") = "CCategoria", "CCategoria\CCategoria.csproj", "{859A0519-017A-475E-BBA9-FFDEDD712790}"
EndProject
Global
	GlobalSection(SolutionConfigurationPlatforms) = preSolution
		Debug|x86 = Debug|x86
		Release|x86 = Release|x86
	EndGlobalSection
	GlobalSection(ProjectConfigurationPlatforms) = postSolution
		{859A0519-017A-475E-BBA9-FFDEDD712790}.Debug|x86.ActiveCfg = Debug|x86
		{859A0519-017A-475E-BBA9-FFDEDD712790}.Debug|x86.Build.0 = Debug|x86
		{859A0519-017A-475E-BBA9-FFDEDD712790}.Release|x86.ActiveCfg = Release|x86
		{859A0519-017A-475E-BBA9-FFDEDD712790}.Release|x86.Build.0 = Release|x86
	EndGlobalSection
EndGlobal
